version = 1
requires-python = ">=3.13"

[[package]]
name = "api-template"
version = "0.1.0"
source = { virtual = "." }
dependencies = [
    { name = "deno" },
    { name = "yt-dlp" },
]

[package.metadata]
requires-dist = [
    { name = "deno", specifier = ">=2.5.6" },
    { name = "yt-dlp", specifier = ">=2025.11.12" },
]

[[package]]
name = "deno"
version = "2.5.6"
source = { registry = "https://pypi.org/simple" }
sdist = { url = "https://files.pythonhosted.org/packages/58/74/5b77399bfa7a5b29579ce9480d6f9a43960bd6bfc59e139e8f7cc6a69ce8/deno-2.5.6.tar.gz", hash = "sha256:4fa5405c8cc43c908d145ad3ed0d7294227fd599da560a0513ba7d3a34948c80", size = 4932 }
wheels = [
    { url = "https://files.pythonhosted.org/packages/71/1d/168aca27d80a0b37ccccc0213475ad9762840cc0aa4edced888d6e323e7f/deno-2.5.6-py3-none-macosx_10_12_x86_64.whl", hash = "sha256:3a602e39ee6aedfe0ceb6334d88d6c1bae77ee7a92c5bc5159bf65bf764c322a", size = 43269522 },
    { url = "https://files.pythonhosted.org/packages/7c/2e/07e4063351840a65175993f7f79e692226bb19778d513cacef8ea54820d7/deno-2.5.6-py3-none-macosx_11_0_arm64.whl", hash = "sha256:e6c5914222e4564a6af4c9b197e603bde45acdb1b7ed57b4f56e2892bc7a1d6b", size = 40624745 },
    { url = "https://files.pythonhosted.org/packages/45/a0/7ce338ae0243dc233758abc38b396f558a877d89930bcf57ffd2794ec5ba/deno-2.5.6-py3-none-manylinux_2_17_aarch64.whl", hash = "sha256:68783e2278b7fd04adffd3d46c753593989316ceafbf373db410ad57e9c5369f", size = 44002109 },
    { url = "https://files.pythonhosted.org/packages/6d/5e/ff434e569f17678f28de9e66640a1293d414c930918990cf247dda080597/deno-2.5.6-py3-none-manylinux_2_17_x86_64.whl", hash = "sha256:8f657dabfda0d04b219cbfcb52351fcd569a1a565d3b3cdbaac8bc736b1b5ece", size = 45837360 },
    { url = "https://files.pythonhosted.org/packages/ae/02/a82a34e924442eda05f15924a30b577a08b2d92e5e400a27bd9d84d95122/deno-2.5.6-py3-none-win_amd64.whl", hash = "sha256:107c776b275788b63b8ed768ddfea5ebae0e065a654189bef4532c87e08d72ba", size = 44705820 },
]

[[package]]
name = "yt-dlp"
version = "2025.11.12"
source = { registry = "https://pypi.org/simple" }
sdist = { url = "https://files.pythonhosted.org/packages/cf/41/53ad8c6e74d6627bd598dfbb8ad7c19d5405e438210ad0bbaf1b288387e7/yt_dlp-2025.11.12.tar.gz", hash = "sha256:5f0795a6b8fc57a5c23332d67d6c6acf819a0b46b91a6324bae29414fa97f052", size = 3076928 }
wheels = [
    { url = "https://files.pythonhosted.org/packages/5f/16/fdebbee6473473a1c0576bd165a50e4a70762484d638c1d59fa9074e175b/yt_dlp-2025.11.12-py3-none-any.whl", hash = "sha256:b47af37bbb16b08efebb36825a280ea25a507c051f93bf413a6e4a0e586c6e79", size = 3279151 },
]
